
Microsoft Visual Studio Solution File, Format Version 12.00
# Visual Studio Version 17
VisualStudioVersion = 17.8.34408.163
MinimumVisualStudioVersion = 10.0.40219.1
Project("{9A19103F-16F7-4668-BE54-9A1E7A4F7556}") = "UserManagementService", "UserManagementService\UserManagementService.csproj", "{5CB0C6B3-3F46-44A7-B366-D9606254BE60}"
EndProject
Project("{FAE04EC0-301F-11D3-BF4B-00C04F79EFBC}") = "UserManagementService.Tests", "UserManagementService.Tests\UserManagementService.Tests.csproj", "{A155A0DA-E0BA-477E-82B1-2C94200D9A94}"
EndProject
Global
	GlobalSection(SolutionConfigurationPlatforms) = preSolution
		Debug|Any CPU = Debug|Any CPU
		Release|Any CPU = Release|Any CPU
	EndGlobalSection
	GlobalSection(ProjectConfigurationPlatforms) = postSolution
		{5CB0C6B3-3F46-44A7-B366-D9606254BE60}.Debug|Any CPU.ActiveCfg = Debug|Any CPU
		{5CB0C6B3-3F46-44A7-B366-D9606254BE60}.Debug|Any CPU.Build.0 = Debug|Any CPU
		{5CB0C6B3-3F46-44A7-B366-D9606254BE60}.Release|Any CPU.ActiveCfg = Release|Any CPU
		{5CB0C6B3-3F46-44A7-B366-D9606254BE60}.Release|Any CPU.Build.0 = Release|Any CPU
		{A155A0DA-E0BA-477E-82B1-2C94200D9A94}.Debug|Any CPU.ActiveCfg = Debug|Any CPU
		{A155A0DA-E0BA-477E-82B1-2C94200D9A94}.Debug|Any CPU.Build.0 = Debug|Any CPU
		{A155A0DA-E0BA-477E-82B1-2C94200D9A94}.Release|Any CPU.ActiveCfg = Release|Any CPU
		{A155A0DA-E0BA-477E-82B1-2C94200D9A94}.Release|Any CPU.Build.0 = Release|Any CPU
	EndGlobalSection
	GlobalSection(SolutionProperties) = preSolution
		HideSolutionNode = FALSE
	EndGlobalSection
	GlobalSection(ExtensibilityGlobals) = postSolution
		SolutionGuid = {FEAA120C-73DE-42A8-9FE4-9B7A8F4525D3}
	EndGlobalSection
EndGlobal
